
Microsoft Visual Studio Solution File, Format Version 12.00
Project("{FAE04EC0-301F-11D3-BF4B-00C04F79EFBC}") = "KeepassXcProxy", "KeepassXcProxy\KeepassXcProxy.csproj", "{25BF12A1-5633-4D39-BF9F-E57254B8D433}"
EndProject
Global
	GlobalSection(SolutionConfigurationPlatforms) = preSolution
		Debug|Any CPU = Debug|Any CPU
		Release|Any CPU = Release|Any CPU
	EndGlobalSection
	GlobalSection(ProjectConfigurationPlatforms) = postSolution
		{25BF12A1-5633-4D39-BF9F-E57254B8D433}.Debug|Any CPU.ActiveCfg = Debug|Any CPU
		{25BF12A1-5633-4D39-BF9F-E57254B8D433}.Debug|Any CPU.Build.0 = Debug|Any CPU
		{25BF12A1-5633-4D39-BF9F-E57254B8D433}.Release|Any CPU.ActiveCfg = Release|Any CPU
		{25BF12A1-5633-4D39-BF9F-E57254B8D433}.Release|Any CPU.Build.0 = Release|Any CPU
	EndGlobalSection
EndGlobal
